// !$*UTF8*$!
{
	archiveVersion = 1;
	classes = {
	};
	objectVersion = 46;
	objects = {

/* Begin PBXBuildFile section */
		41023E461EF6C3A300DA2B07 /* AppDelegate.swift in Sources */ = {isa = PBXBuildFile; fileRef = 41023E451EF6C3A300DA2B07 /* AppDelegate.swift */; };
		41023E481EF6C3A300DA2B07 /* ViewController.swift in Sources */ = {isa = PBXBuildFile; fileRef = 41023E471EF6C3A300DA2B07 /* ViewController.swift */; };
		41023E4B1EF6C3A300DA2B07 /* Main.storyboard in Resources */ = {isa = PBXBuildFile; fileRef = 41023E491EF6C3A300DA2B07 /* Main.storyboard */; };
		41023E4D1EF6C3A300DA2B07 /* Assets.xcassets in Resources */ = {isa = PBXBuildFile; fileRef = 41023E4C1EF6C3A300DA2B07 /* Assets.xcassets */; };
		41023E501EF6C3A300DA2B07 /* LaunchScreen.storyboard in Resources */ = {isa = PBXBuildFile; fileRef = 41023E4E1EF6C3A300DA2B07 /* LaunchScreen.storyboard */; };
		41023E5B1EF6C3A300DA2B07 /* testTests.swift in Sources */ = {isa = PBXBuildFile; fileRef = 41023E5A1EF6C3A300DA2B07 /* testTests.swift */; };
		41023E661EF6C3A300DA2B07 /* testUITests.swift in Sources */ = {isa = PBXBuildFile; fileRef = 41023E651EF6C3A300DA2B07 /* testUITests.swift */; };
		41023E741EF6C51600DA2B07 /* ApiManager.swift in Sources */ = {isa = PBXBuildFile; fileRef = 41023E731EF6C51600DA2B07 /* ApiManager.swift */; };
/* End PBXBuildFile section */

/* Begin PBXContainerItemProxy section */
		41023E571EF6C3A300DA2B07 /* PBXContainerItemProxy */ = {
			isa = PBXContainerItemProxy;
			containerPortal = 41023E3A1EF6C3A300DA2B07 /* Project object */;
			proxyType = 1;
			remoteGlobalIDString = 41023E411EF6C3A300DA2B07;
			remoteInfo = test;
		};
		41023E621EF6C3A300DA2B07 /* PBXContainerItemProxy */ = {
			isa = PBXContainerItemProxy;
			containerPortal = 41023E3A1EF6C3A300DA2B07 /* Project object */;
			proxyType = 1;
			remoteGlobalIDString = 41023E411EF6C3A300DA2B07;
			remoteInfo = test;
		};
/* End PBXContainerItemProxy section */

/* Begin PBXFileReference section */
		41023E421EF6C3A300DA2B07 /* test.app */ = {isa = PBXFileReference; explicitFileType = wrapper.application; includeInIndex = 0; path = test.app; sourceTree = BUILT_PRODUCTS_DIR; };
		41023E451EF6C3A300DA2B07 /* AppDelegate.swift */ = {isa = PBXFileReference; lastKnownFileType = sourcecode.swift; path = AppDelegate.swift; sourceTree = "<group>"; };
		41023E471EF6C3A300DA2B07 /* ViewController.swift */ = {isa = PBXFileReference; lastKnownFileType = sourcecode.swift; path = ViewController.swift; sourceTree = "<group>"; };
		41023E4A1EF6C3A300DA2B07 /* Base */ = {isa = PBXFileReference; lastKnownFileType = file.storyboard; name = Base; path = Base.lproj/Main.storyboard; sourceTree = "<group>"; };
		41023E4C1EF6C3A300DA2B07 /* Assets.xcassets */ = {isa = PBXFileReference; lastKnownFileType = folder.assetcatalog; path = Assets.xcassets; sourceTree = "<group>"; };
		41023E4F1EF6C3A300DA2B07 /* Base */ = {isa = PBXFileReference; lastKnownFileType = file.storyboard; name = Base; path = Base.lproj/LaunchScreen.storyboard; sourceTree = "<group>"; };
		41023E511EF6C3A300DA2B07 /* Info.plist */ = {isa = PBXFileReference; lastKnownFileType = text.plist.xml; path = Info.plist; sourceTree = "<group>"; };
		41023E561EF6C3A300DA2B07 /* testTests.xctest */ = {isa = PBXFileReference; explicitFileType = wrapper.cfbundle; includeInIndex = 0; path = testTests.xctest; sourceTree = BUILT_PRODUCTS_DIR; };
		41023E5A1EF6C3A300DA2B07 /* testTests.swift */ = {isa = PBXFileReference; lastKnownFileType = sourcecode.swift; path = testTests.swift; sourceTree = "<group>"; };
		41023E5C1EF6C3A300DA2B07 /* Info.plist */ = {isa = PBXFileReference; lastKnownFileType = text.plist.xml; path = Info.plist; sourceTree = "<group>"; };
		41023E611EF6C3A300DA2B07 /* testUITests.xctest */ = {isa = PBXFileReference; explicitFileType = wrapper.cfbundle; includeInIndex = 0; path = testUITests.xctest; sourceTree = BUILT_PRODUCTS_DIR; };
		41023E651EF6C3A300DA2B07 /* testUITests.swift */ = {isa = PBXFileReference; lastKnownFileType = sourcecode.swift; path = testUITests.swift; sourceTree = "<group>"; };
		41023E671EF6C3A300DA2B07 /* Info.plist */ = {isa = PBXFileReference; lastKnownFileType = text.plist.xml; path = Info.plist; sourceTree = "<group>"; };
		41023E731EF6C51600DA2B07 /* ApiManager.swift */ = {isa = PBXFileReference; fileEncoding = 4; lastKnownFileType = sourcecode.swift; name = ApiManager.swift; path = ../../arduino/arduino/ApiManager.swift; sourceTree = "<group>"; };
/* End PBXFileReference section */

/* Begin PBXFrameworksBuildPhase section */
		41023E3F1EF6C3A300DA2B07 /* Frameworks */ = {
			isa = PBXFrameworksBuildPhase;
			buildActionMask = 2147483647;
			files = (
			);
			runOnlyForDeploymentPostprocessing = 0;
		};
		41023E531EF6C3A300DA2B07 /* Frameworks */ = {
			isa = PBXFrameworksBuildPhase;
			buildActionMask = 2147483647;
			files = (
			);
			runOnlyForDeploymentPostprocessing = 0;
		};
		41023E5E1EF6C3A300DA2B07 /* Frameworks */ = {
			isa = PBXFrameworksBuildPhase;
			buildActionMask = 2147483647;
			files = (
			);
			runOnlyForDeploymentPostprocessing = 0;
		};
/* End PBXFrameworksBuildPhase section */

/* Begin PBXGroup section */
		41023E391EF6C3A300DA2B07 = {
			isa = PBXGroup;
			children = (
				41023E441EF6C3A300DA2B07 /* test */,
				41023E591EF6C3A300DA2B07 /* testTests */,
				41023E641EF6C3A300DA2B07 /* testUITests */,
				41023E431EF6C3A300DA2B07 /* Products */,
			);
			sourceTree = "<group>";
		};
		41023E431EF6C3A300DA2B07 /* Products */ = {
			isa = PBXGroup;
			children = (
				41023E421EF6C3A300DA2B07 /* test.app */,
				41023E561EF6C3A300DA2B07 /* testTests.xctest */,
				41023E611EF6C3A300DA2B07 /* testUITests.xctest */,
			);
			name = Products;
			sourceTree = "<group>";
		};
		41023E441EF6C3A300DA2B07 /* test */ = {
			isa = PBXGroup;
			children = (
				41023E731EF6C51600DA2B07 /* ApiManager.swift */,
				41023E451EF6C3A300DA2B07 /* AppDelegate.swift */,
				41023E471EF6C3A300DA2B07 /* ViewController.swift */,
				41023E491EF6C3A300DA2B07 /* Main.storyboard */,
				41023E4C1EF6C3A300DA2B07 /* Assets.xcassets */,
				41023E4E1EF6C3A300DA2B07 /* LaunchScreen.storyboard */,
				41023E511EF6C3A300DA2B07 /* Info.plist */,
			);
			path = test;
			sourceTree = "<group>";
		};
		41023E591EF6C3A300DA2B07 /* testTests */ = {
			isa = PBXGroup;
			children = (
				41023E5A1EF6C3A300DA2B07 /* testTests.swift */,
				41023E5C1EF6C3A300DA2B07 /* Info.plist */,
			);
			path = testTests;
			sourceTree = "<group>";
		};
		41023E641EF6C3A300DA2B07 /* testUITests */ = {
			isa = PBXGroup;
			children = (
				41023E651EF6C3A300DA2B07 /* testUITests.swift */,
				41023E671EF6C3A300DA2B07 /* Info.plist */,
			);
			path = testUITests;
			sourceTree = "<group>";
		};
/* End PBXGroup section */

/* Begin PBXNativeTarget section */
		41023E411EF6C3A300DA2B07 /* test */ = {
			isa = PBXNativeTarget;
			buildConfigurationList = 41023E6A1EF6C3A300DA2B07 /* Build configuration list for PBXNativeTarget "test" */;
			buildPhases = (
				41023E3E1EF6C3A300DA2B07 /* Sources */,
				41023E3F1EF6C3A300DA2B07 /* Frameworks */,
				41023E401EF6C3A300DA2B07 /* Resources */,
			);
			buildRules = (
			);
			dependencies = (
			);
			name = test;
			productName = test;
			productReference = 41023E421EF6C3A300DA2B07 /* test.app */;
			productType = "com.apple.product-type.application";
		};
		41023E551EF6C3A300DA2B07 /* testTests */ = {
			isa = PBXNativeTarget;
			buildConfigurationList = 41023E6D1EF6C3A300DA2B07 /* Build configuration list for PBXNativeTarget "testTests" */;
			buildPhases = (
				41023E521EF6C3A300DA2B07 /* Sources */,
				41023E531EF6C3A300DA2B07 /* Frameworks */,
				41023E541EF6C3A300DA2B07 /* Resources */,
			);
			buildRules = (
			);
			dependencies = (
				41023E581EF6C3A300DA2B07 /* PBXTargetDependency */,
			);
			name = testTests;
			productName = testTests;
			productReference = 41023E561EF6C3A300DA2B07 /* testTests.xctest */;
			productType = "com.apple.product-type.bundle.unit-test";
		};
		41023E601EF6C3A300DA2B07 /* testUITests */ = {
			isa = PBXNativeTarget;
			buildConfigurationList = 41023E701EF6C3A300DA2B07 /* Build configuration list for PBXNativeTarget "testUITests" */;
			buildPhases = (
				41023E5D1EF6C3A300DA2B07 /* Sources */,
				41023E5E1EF6C3A300DA2B07 /* Frameworks */,
				41023E5F1EF6C3A300DA2B07 /* Resources */,
			);
			buildRules = (
			);
			dependencies = (
				41023E631EF6C3A300DA2B07 /* PBXTargetDependency */,
			);
			name = testUITests;
			productName = testUITests;
			productReference = 41023E611EF6C3A300DA2B07 /* testUITests.xctest */;
			productType = "com.apple.product-type.bundle.ui-testing";
		};
/* End PBXNativeTarget section */

/* Begin PBXProject section */
		41023E3A1EF6C3A300DA2B07 /* Project object */ = {
			isa = PBXProject;
			attributes = {
				LastSwiftUpdateCheck = 0830;
				LastUpgradeCheck = 0830;
				ORGANIZATIONNAME = "Filippo Valle";
				TargetAttributes = {
					41023E411EF6C3A300DA2B07 = {
						CreatedOnToolsVersion = 8.3.3;
						DevelopmentTeam = 2VVSWVEGZF;
						ProvisioningStyle = Automatic;
					};
					41023E551EF6C3A300DA2B07 = {
						CreatedOnToolsVersion = 8.3.3;
						DevelopmentTeam = 2VVSWVEGZF;
						ProvisioningStyle = Automatic;
						TestTargetID = 41023E411EF6C3A300DA2B07;
					};
					41023E601EF6C3A300DA2B07 = {
						CreatedOnToolsVersion = 8.3.3;
						DevelopmentTeam = 2VVSWVEGZF;
						ProvisioningStyle = Automatic;
						TestTargetID = 41023E411EF6C3A300DA2B07;
					};
				};
			};
			buildConfigurationList = 41023E3D1EF6C3A300DA2B07 /* Build configuration list for PBXProject "test" */;
			compatibilityVersion = "Xcode 3.2";
			developmentRegion = English;
			hasScannedForEncodings = 0;
			knownRegions = (
				en,
				Base,
			);
			mainGroup = 41023E391EF6C3A300DA2B07;
			productRefGroup = 41023E431EF6C3A300DA2B07 /* Products */;
			projectDirPath = "";
			projectRoot = "";
			targets = (
				41023E411EF6C3A300DA2B07 /* test */,
				41023E551EF6C3A300DA2B07 /* testTests */,
				41023E601EF6C3A300DA2B07 /* testUITests */,
			);
		};
/* End PBXProject section */

/* Begin PBXResourcesBuildPhase section */
		41023E401EF6C3A300DA2B07 /* Resources */ = {
			isa = PBXResourcesBuildPhase;
			buildActionMask = 2147483647;
			files = (
				41023E501EF6C3A300DA2B07 /* LaunchScreen.storyboard in Resources */,
				41023E4D1EF6C3A300DA2B07 /* Assets.xcassets in Resources */,
				41023E4B1EF6C3A300DA2B07 /* Main.storyboard in Resources */,
			);
			runOnlyForDeploymentPostprocessing = 0;
		};
		41023E541EF6C3A300DA2B07 /* Resources */ = {
			isa = PBXResourcesBuildPhase;
			buildActionMask = 2147483647;
			files = (
			);
			runOnlyForDeploymentPostprocessing = 0;
		};
		41023E5F1EF6C3A300DA2B07 /* Resources */ = {
			isa = PBXResourcesBuildPhase;
			buildActionMask = 2147483647;
			files = (
			);
			runOnlyForDeploymentPostprocessing = 0;
		};
/* End PBXResourcesBuildPhase section */

/* Begin PBXSourcesBuildPhase section */
		41023E3E1EF6C3A300DA2B07 /* Sources */ = {
			isa = PBXSourcesBuildPhase;
			buildActionMask = 2147483647;
			files = (
				41023E481EF6C3A300DA2B07 /* ViewController.swift in Sources */,
				41023E741EF6C51600DA2B07 /* ApiManager.swift in Sources */,
				41023E461EF6C3A300DA2B07 /* AppDelegate.swift in Sources */,
			);
			runOnlyForDeploymentPostprocessing = 0;
		};
		41023E521EF6C3A300DA2B07 /* Sources */ = {
			isa = PBXSourcesBuildPhase;
			buildActionMask = 2147483647;
			files = (
				41023E5B1EF6C3A300DA2B07 /* testTests.swift in Sources */,
			);
			runOnlyForDeploymentPostprocessing = 0;
		};
		41023E5D1EF6C3A300DA2B07 /* Sources */ = {
			isa = PBXSourcesBuildPhase;
			buildActionMask = 2147483647;
			files = (
				41023E661EF6C3A300DA2B07 /* testUITests.swift in Sources */,
			);
			runOnlyForDeploymentPostprocessing = 0;
		};
/* End PBXSourcesBuildPhase section */

/* Begin PBXTargetDependency section */
		41023E581EF6C3A300DA2B07 /* PBXTargetDependency */ = {
			isa = PBXTargetDependency;
			target = 41023E411EF6C3A300DA2B07 /* test */;
			targetProxy = 41023E571EF6C3A300DA2B07 /* PBXContainerItemProxy */;
		};
		41023E631EF6C3A300DA2B07 /* PBXTargetDependency */ = {
			isa = PBXTargetDependency;
			target = 41023E411EF6C3A300DA2B07 /* test */;
			targetProxy = 41023E621EF6C3A300DA2B07 /* PBXContainerItemProxy */;
		};
/* End PBXTargetDependency section */

/* Begin PBXVariantGroup section */
		41023E491EF6C3A300DA2B07 /* Main.storyboard */ = {
			isa = PBXVariantGroup;
			children = (
				41023E4A1EF6C3A300DA2B07 /* Base */,
			);
			name = Main.storyboard;
			sourceTree = "<group>";
		};
		41023E4E1EF6C3A300DA2B07 /* LaunchScreen.storyboard */ = {
			isa = PBXVariantGroup;
			children = (
				41023E4F1EF6C3A300DA2B07 /* Base */,
			);
			name = LaunchScreen.storyboard;
			sourceTree = "<group>";
		};
/* End PBXVariantGroup section */

/* Begin XCBuildConfiguration section */
		41023E681EF6C3A300DA2B07 /* Debug */ = {
			isa = XCBuildConfiguration;
			buildSettings = {
				ALWAYS_SEARCH_USER_PATHS = NO;
				CLANG_ANALYZER_NONNULL = YES;
				CLANG_ANALYZER_NUMBER_OBJECT_CONVERSION = YES_AGGRESSIVE;
				CLANG_CXX_LANGUAGE_STANDARD = "gnu++0x";
				CLANG_CXX_LIBRARY = "libc++";
				CLANG_ENABLE_MODULES = YES;
				CLANG_ENABLE_OBJC_ARC = YES;
				CLANG_WARN_BOOL_CONVERSION = YES;
				CLANG_WARN_CONSTANT_CONVERSION = YES;
				CLANG_WARN_DIRECT_OBJC_ISA_USAGE = YES_ERROR;
				CLANG_WARN_DOCUMENTATION_COMMENTS = YES;
				CLANG_WARN_EMPTY_BODY = YES;
				CLANG_WARN_ENUM_CONVERSION = YES;
				CLANG_WARN_INFINITE_RECURSION = YES;
				CLANG_WARN_INT_CONVERSION = YES;
				CLANG_WARN_OBJC_ROOT_CLASS = YES_ERROR;
				CLANG_WARN_SUSPICIOUS_MOVE = YES;
				CLANG_WARN_UNREACHABLE_CODE = YES;
				CLANG_WARN__DUPLICATE_METHOD_MATCH = YES;
				"CODE_SIGN_IDENTITY[sdk=iphoneos*]" = "iPhone Developer";
				COPY_PHASE_STRIP = NO;
				DEBUG_INFORMATION_FORMAT = dwarf;
				ENABLE_STRICT_OBJC_MSGSEND = YES;
				ENABLE_TESTABILITY = YES;
				GCC_C_LANGUAGE_STANDARD = gnu99;
				GCC_DYNAMIC_NO_PIC = NO;
				GCC_NO_COMMON_BLOCKS = YES;
				GCC_OPTIMIZATION_LEVEL = 0;
				GCC_PREPROCESSOR_DEFINITIONS = (
					"DEBUG=1",
					"$(inherited)",
				);
				GCC_WARN_64_TO_32_BIT_CONVERSION = YES;
				GCC_WARN_ABOUT_RETURN_TYPE = YES_ERROR;
				GCC_WARN_UNDECLARED_SELECTOR = YES;
				GCC_WARN_UNINITIALIZED_AUTOS = YES_AGGRESSIVE;
				GCC_WARN_UNUSED_FUNCTION = YES;
				GCC_WARN_UNUSED_VARIABLE = YES;
				IPHONEOS_DEPLOYMENT_TARGET = 10.3;
				MTL_ENABLE_DEBUG_INFO = YES;
				ONLY_ACTIVE_ARCH = YES;
				SDKROOT = iphoneos;
				SWIFT_ACTIVE_COMPILATION_CONDITIONS = DEBUG;
				SWIFT_OPTIMIZATION_LEVEL = "-Onone";
				TARGETED_DEVICE_FAMILY = "1,2";
			};
			name = Debug;
		};
		41023E691EF6C3A300DA2B07 /* Release */ = {
			isa = XCBuildConfiguration;
			buildSettings = {
				ALWAYS_SEARCH_USER_PATHS = NO;
				CLANG_ANALYZER_NONNULL = YES;
				CLANG_ANALYZER_NUMBER_OBJECT_CONVERSION = YES_AGGRESSIVE;
				CLANG_CXX_LANGUAGE_STANDARD = "gnu++0x";
				CLANG_CXX_LIBRARY = "libc++";
				CLANG_ENABLE_MODULES = YES;
				CLANG_ENABLE_OBJC_ARC = YES;
				CLANG_WARN_BOOL_CONVERSION = YES;
				CLANG_WARN_CONSTANT_CONVERSION = YES;
				CLANG_WARN_DIRECT_OBJC_ISA_USAGE = YES_ERROR;
				CLANG_WARN_DOCUMENTATION_COMMENTS = YES;
				CLANG_WARN_EMPTY_BODY = YES;
				CLANG_WARN_ENUM_CONVERSION = YES;
				CLANG_WARN_INFINITE_RECURSION = YES;
				CLANG_WARN_INT_CONVERSION = YES;
				CLANG_WARN_OBJC_ROOT_CLASS = YES_ERROR;
				CLANG_WARN_SUSPICIOUS_MOVE = YES;
				CLANG_WARN_UNREACHABLE_CODE = YES;
				CLANG_WARN__DUPLICATE_METHOD_MATCH = YES;
				"CODE_SIGN_IDENTITY[sdk=iphoneos*]" = "iPhone Developer";
				COPY_PHASE_STRIP = NO;
				DEBUG_INFORMATION_FORMAT = "dwarf-with-dsym";
				ENABLE_NS_ASSERTIONS = NO;
				ENABLE_STRICT_OBJC_MSGSEND = YES;
				GCC_C_LANGUAGE_STANDARD = gnu99;
				GCC_NO_COMMON_BLOCKS = YES;
				GCC_WARN_64_TO_32_BIT_CONVERSION = YES;
				GCC_WARN_ABOUT_RETURN_TYPE = YES_ERROR;
				GCC_WARN_UNDECLARED_SELECTOR = YES;
				GCC_WARN_UNINITIALIZED_AUTOS = YES_AGGRESSIVE;
				GCC_WARN_UNUSED_FUNCTION = YES;
				GCC_WARN_UNUSED_VARIABLE = YES;
				IPHONEOS_DEPLOYMENT_TARGET = 10.3;
				MTL_ENABLE_DEBUG_INFO = NO;
				SDKROOT = iphoneos;
				SWIFT_OPTIMIZATION_LEVEL = "-Owholemodule";
				TARGETED_DEVICE_FAMILY = "1,2";
				VALIDATE_PRODUCT = YES;
			};
			name = Release;
		};
		41023E6B1EF6C3A300DA2B07 /* Debug */ = {
			isa = XCBuildConfiguration;
			buildSettings = {
				ASSETCATALOG_COMPILER_APPICON_NAME = AppIcon;
				ASSETCATALOG_COMPILER_LAUNCHIMAGE_NAME = "LaunchImage-2";
				DEVELOPMENT_TEAM = 2VVSWVEGZF;
				INFOPLIST_FILE = test/Info.plist;
				LD_RUNPATH_SEARCH_PATHS = "$(inherited) @executable_path/Frameworks";
				PRODUCT_BUNDLE_IDENTIFIER = filippo.test;
				PRODUCT_NAME = "$(TARGET_NAME)";
				SWIFT_VERSION = 3.0;
				TARGETED_DEVICE_FAMILY = "1,2";
			};
			name = Debug;
		};
		41023E6C1EF6C3A300DA2B07 /* Release */ = {
			isa = XCBuildConfiguration;
			buildSettings = {
				ASSETCATALOG_COMPILER_APPICON_NAME = AppIcon;
				ASSETCATALOG_COMPILER_LAUNCHIMAGE_NAME = "LaunchImage-2";
				DEVELOPMENT_TEAM = 2VVSWVEGZF;
				INFOPLIST_FILE = test/Info.plist;
				LD_RUNPATH_SEARCH_PATHS = "$(inherited) @executable_path/Frameworks";
				PRODUCT_BUNDLE_IDENTIFIER = filippo.test;
				PRODUCT_NAME = "$(TARGET_NAME)";
				SWIFT_VERSION = 3.0;
				TARGETED_DEVICE_FAMILY = "1,2";
			};
			name = Release;
		};
		41023E6E1EF6C3A300DA2B07 /* Debug */ = {
			isa = XCBuildConfiguration;
			buildSettings = {
				ALWAYS_EMBED_SWIFT_STANDARD_LIBRARIES = YES;
				BUNDLE_LOADER = "$(TEST_HOST)";
				DEVELOPMENT_TEAM = 2VVSWVEGZF;
				INFOPLIST_FILE = testTests/Info.plist;
				LD_RUNPATH_SEARCH_PATHS = "$(inherited) @executable_path/Frameworks @loader_path/Frameworks";
				PRODUCT_BUNDLE_IDENTIFIER = filippo.testTests;
				PRODUCT_NAME = "$(TARGET_NAME)";
				SWIFT_VERSION = 3.0;
				TEST_HOST = "$(BUILT_PRODUCTS_DIR)/test.app/test";
			};
			name = Debug;
		};
		41023E6F1EF6C3A300DA2B07 /* Release */ = {
			isa = XCBuildConfiguration;
			buildSettings = {
				ALWAYS_EMBED_SWIFT_STANDARD_LIBRARIES = YES;
				BUNDLE_LOADER = "$(TEST_HOST)";
				DEVELOPMENT_TEAM = 2VVSWVEGZF;
				INFOPLIST_FILE = testTests/Info.plist;
				LD_RUNPATH_SEARCH_PATHS = "$(inherited) @executable_path/Frameworks @loader_path/Frameworks";
				PRODUCT_BUNDLE_IDENTIFIER = filippo.testTests;
				PRODUCT_NAME = "$(TARGET_NAME)";
				SWIFT_VERSION = 3.0;
				TEST_HOST = "$(BUILT_PRODUCTS_DIR)/test.app/test";
			};
			name = Release;
		};
		41023E711EF6C3A300DA2B07 /* Debug */ = {
			isa = XCBuildConfiguration;
			buildSettings = {
				ALWAYS_EMBED_SWIFT_STANDARD_LIBRARIES = YES;
				DEVELOPMENT_TEAM = 2VVSWVEGZF;
				INFOPLIST_FILE = testUITests/Info.plist;
				LD_RUNPATH_SEARCH_PATHS = "$(inherited) @executable_path/Frameworks @loader_path/Frameworks";
				PRODUCT_BUNDLE_IDENTIFIER = filippo.testUITests;
				PRODUCT_NAME = "$(TARGET_NAME)";
				SWIFT_VERSION = 3.0;
				TEST_TARGET_NAME = test;
			};
			name = Debug;
		};
		41023E721EF6C3A300DA2B07 /* Release */ = {
			isa = XCBuildConfiguration;
			buildSettings = {
				ALWAYS_EMBED_SWIFT_STANDARD_LIBRARIES = YES;
				DEVELOPMENT_TEAM = 2VVSWVEGZF;
				INFOPLIST_FILE = testUITests/Info.plist;
				LD_RUNPATH_SEARCH_PATHS = "$(inherited) @executable_path/Frameworks @loader_path/Frameworks";
				PRODUCT_BUNDLE_IDENTIFIER = filippo.testUITests;
				PRODUCT_NAME = "$(TARGET_NAME)";
				SWIFT_VERSION = 3.0;
				TEST_TARGET_NAME = test;
			};
			name = Release;
		};
/* End XCBuildConfiguration section */

/* Begin XCConfigurationList section */
		41023E3D1EF6C3A300DA2B07 /* Build configuration list for PBXProject "test" */ = {
			isa = XCConfigurationList;
			buildConfigurations = (
				41023E681EF6C3A300DA2B07 /* Debug */,
				41023E691EF6C3A300DA2B07 /* Release */,
			);
			defaultConfigurationIsVisible = 0;
			defaultConfigurationName = Release;
		};
		41023E6A1EF6C3A300DA2B07 /* Build configuration list for PBXNativeTarget "test" */ = {
			isa = XCConfigurationList;
			buildConfigurations = (
				41023E6B1EF6C3A300DA2B07 /* Debug */,
				41023E6C1EF6C3A300DA2B07 /* Release */,
			);
			defaultConfigurationIsVisible = 0;
		};
		41023E6D1EF6C3A300DA2B07 /* Build configuration list for PBXNativeTarget "testTests" */ = {
			isa = XCConfigurationList;
			buildConfigurations = (
				41023E6E1EF6C3A300DA2B07 /* Debug */,
				41023E6F1EF6C3A300DA2B07 /* Release */,
			);
			defaultConfigurationIsVisible = 0;
		};
		41023E701EF6C3A300DA2B07 /* Build configuration list for PBXNativeTarget "testUITests" */ = {
			isa = XCConfigurationList;
			buildConfigurations = (
				41023E711EF6C3A300DA2B07 /* Debug */,
				41023E721EF6C3A300DA2B07 /* Release */,
			);
			defaultConfigurationIsVisible = 0;
		};
/* End XCConfigurationList section */
	};
	rootObject = 41023E3A1EF6C3A300DA2B07 /* Project object */;
}
